<?xml version="1.0" encoding="utf-8"?>
<Project ToolsVersion="4.0" xmlns="http://schemas.microsoft.com/developer/msbuild/2003">
  <ItemGroup>
    <ClCompile Include="$(MSBuildThisFileDirectory)mkScene.cpp">
      <Filter>Scene</Filter>
    </ClCompile>
    <ClCompile Include="$(MSBuildThisFileDirectory)mkSceneManager.cpp">
      <Filter>Scene</Filter>
    </ClCompile>
    <ClCompile Include="$(MSBuildThisFileDirectory)mkEntity.cpp">
      <Filter>Common</Filter>
    </ClCompile>
    <ClCompile Include="$(MSBuildThisFileDirectory)mkComponent.cpp">
      <Filter>Component</Filter>
    </ClCompile>
    <ClCompile Include="$(MSBuildThisFileDirectory)mkInput.cpp">
      <Filter>Helpers</Filter>
    </ClCompile>
    <ClCompile Include="$(MSBuildThisFileDirectory)mkTime.cpp">
      <Filter>Helpers</Filter>
    </ClCompile>
    <ClCompile Include="$(MSBuildThisFileDirectory)mkGameObject.cpp">
      <Filter>GameObject</Filter>
    </ClCompile>
    <ClCompile Include="$(MSBuildThisFileDirectory)mkApplication.cpp">
      <Filter>High Level Interface</Filter>
    </ClCompile>
    <ClCompile Include="$(MSBuildThisFileDirectory)mkMath.cpp">
      <Filter>Common</Filter>
    </ClCompile>
    <ClCompile Include="$(MSBuildThisFileDirectory)mkLayer.cpp">
      <Filter>Layer</Filter>
    </ClCompile>
    <ClCompile Include="$(MSBuildThisFileDirectory)mkResource.cpp">
      <Filter>Resource</Filter>
    </ClCompile>
    <ClCompile Include="$(MSBuildThisFileDirectory)mkResources.cpp">
      <Filter>Resource</Filter>
    </ClCompile>
    <ClCompile Include="$(MSBuildThisFileDirectory)mkTexture.cpp">
      <Filter>Resource\Texture</Filter>
    </ClCompile>
    <ClCompile Include="$(MSBuildThisFileDirectory)mkScript.cpp">
      <Filter>Component\Script</Filter>
    </ClCompile>
    <ClCompile Include="$(MSBuildThisFileDirectory)..\MKEngine_Window\mkSpriteRenderer.cpp">
      <Filter>Component\SpriteRenderer</Filter>
    </ClCompile>
    <ClCompile Include="$(MSBuildThisFileDirectory)mkTransform.cpp">
      <Filter>Component\Transform</Filter>
    </ClCompile>
    <ClCompile Include="$(MSBuildThisFileDirectory)mkCamera.cpp">
      <Filter>Component\Camera</Filter>
    </ClCompile>
  </ItemGroup>
  <ItemGroup>
    <ClInclude Include="$(MSBuildThisFileDirectory)mkScene.h">
      <Filter>Scene</Filter>
    </ClInclude>
    <ClInclude Include="$(MSBuildThisFileDirectory)mkSceneManager.h">
      <Filter>Scene</Filter>
    </ClInclude>
    <ClInclude Include="$(MSBuildThisFileDirectory)mkEntity.h">
      <Filter>Common</Filter>
    </ClInclude>
    <ClInclude Include="$(MSBuildThisFileDirectory)mkComponent.h">
      <Filter>Component</Filter>
    </ClInclude>
    <ClInclude Include="$(MSBuildThisFileDirectory)mkInput.h">
      <Filter>Helpers</Filter>
    </ClInclude>
    <ClInclude Include="$(MSBuildThisFileDirectory)mkTime.h">
      <Filter>Helpers</Filter>
    </ClInclude>
    <ClInclude Include="$(MSBuildThisFileDirectory)Commoninclude.h">
      <Filter>Common</Filter>
    </ClInclude>
    <ClInclude Include="$(MSBuildThisFileDirectory)mkGameObject.h">
      <Filter>GameObject</Filter>
    </ClInclude>
    <ClInclude Include="$(MSBuildThisFileDirectory)mkApplication.h">
      <Filter>High Level Interface</Filter>
    </ClInclude>
    <ClInclude Include="$(MSBuildThisFileDirectory)mkMath.h">
      <Filter>Common</Filter>
    </ClInclude>
    <ClInclude Include="$(MSBuildThisFileDirectory)mkLayer.h">
      <Filter>Layer</Filter>
    </ClInclude>
    <ClInclude Include="$(MSBuildThisFileDirectory)mkEnums.h">
      <Filter>Common</Filter>
    </ClInclude>
    <ClInclude Include="$(MSBuildThisFileDirectory)mkResource.h">
      <Filter>Resource</Filter>
    </ClInclude>
    <ClInclude Include="$(MSBuildThisFileDirectory)mkResources.h">
      <Filter>Resource</Filter>
    </ClInclude>
    <ClInclude Include="$(MSBuildThisFileDirectory)mkObject.h">
      <Filter>Common</Filter>
    </ClInclude>
    <ClInclude Include="$(MSBuildThisFileDirectory)mkTexture.h">
      <Filter>Resource\Texture</Filter>
    </ClInclude>
    <ClInclude Include="$(MSBuildThisFileDirectory)mkScript.h">
      <Filter>Component\Script</Filter>
    </ClInclude>
    <ClInclude Include="$(MSBuildThisFileDirectory)..\MKEngine_Window\mkSpriteRenderer.h">
      <Filter>Component\SpriteRenderer</Filter>
    </ClInclude>
    <ClInclude Include="$(MSBuildThisFileDirectory)mkTransform.h">
      <Filter>Component\Transform</Filter>
    </ClInclude>
    <ClInclude Include="$(MSBuildThisFileDirectory)mkCamera.h">
      <Filter>Component\Camera</Filter>
    </ClInclude>
  </ItemGroup>
  <ItemGroup>
    <Filter Include="Scene">
      <UniqueIdentifier>{637bb950-ea58-419a-8c9f-3f52457702ce}</UniqueIdentifier>
    </Filter>
    <Filter Include="Common">
      <UniqueIdentifier>{6185d167-0143-4ebc-a2d3-fe1dd2358035}</UniqueIdentifier>
    </Filter>
    <Filter Include="Component">
      <UniqueIdentifier>{b74bfd24-1d1f-4092-aa0b-cbaafe57850b}</UniqueIdentifier>
    </Filter>
    <Filter Include="Helpers">
      <UniqueIdentifier>{79a31c32-2211-4cc0-9558-3da024e94e0d}</UniqueIdentifier>
    </Filter>
    <Filter Include="GameObject">
      <UniqueIdentifier>{0aadedaa-4f8a-4dc6-89f6-981d78673132}</UniqueIdentifier>
    </Filter>
    <Filter Include="High Level Interface">
      <UniqueIdentifier>{9a51fe05-8d05-4e84-99eb-f023faf38dcf}</UniqueIdentifier>
    </Filter>
    <Filter Include="Layer">
      <UniqueIdentifier>{d67f531a-b782-4f4d-8397-a29950bceaa9}</UniqueIdentifier>
    </Filter>
    <Filter Include="Resource">
      <UniqueIdentifier>{71429416-f4ca-422a-97f6-a8fe0f01ef34}</UniqueIdentifier>
    </Filter>
    <Filter Include="Resource\Texture">
      <UniqueIdentifier>{930e7ade-e8bb-431d-9a14-232ff97db59a}</UniqueIdentifier>
    </Filter>
    <Filter Include="Component\Script">
      <UniqueIdentifier>{99704f2f-195f-4fb7-a7fc-1a211b6e16c1}</UniqueIdentifier>
    </Filter>
    <Filter Include="Component\Transform">
      <UniqueIdentifier>{101a2cdb-044d-47e0-aa73-97b339f2e8c0}</UniqueIdentifier>
    </Filter>
    <Filter Include="Component\SpriteRenderer">
      <UniqueIdentifier>{40af7a4a-da6e-439f-ac8d-4f0b37fcb047}</UniqueIdentifier>
    </Filter>
    <Filter Include="Component\Camera">
      <UniqueIdentifier>{a76b6f78-d1be-4365-b915-3de3a196a40d}</UniqueIdentifier>
    </Filter>
  </ItemGroup>
</Project>