<?xml version="1.0" encoding="utf-8"?>
<Project ToolsVersion="4.0" xmlns="http://schemas.microsoft.com/developer/msbuild/2003">
  <ItemGroup>
    <Filter Include="Scenes">
      <UniqueIdentifier>{45d6b19f-221d-42bb-92f6-d20362905057}</UniqueIdentifier>
    </Filter>
    <Filter Include="Contents">
      <UniqueIdentifier>{f4f1fe90-9437-4b11-98c6-16b1a668a475}</UniqueIdentifier>
    </Filter>
  </ItemGroup>
  <ItemGroup>
    <ClInclude Include="mkLoadScenes.h">
      <Filter>Scenes</Filter>
    </ClInclude>
    <ClInclude Include="mkPlayScene.h" />
    <ClInclude Include="..\MKEngine_SOURCE\mkTransform.h">
      <Filter>Contents</Filter>
    </ClInclude>
    <ClInclude Include="mkSpriteRenderer.h">
      <Filter>Contents</Filter>
    </ClInclude>
    <ClInclude Include="mkPlayer.h" />
  </ItemGroup>
  <ItemGroup>
    <ClCompile Include="mkPlayScene.cpp" />
    <ClCompile Include="..\MKEngine_SOURCE\mkTransform.cpp">
      <Filter>Contents</Filter>
    </ClCompile>
    <ClCompile Include="mkSpriteRenderer.cpp">
      <Filter>Contents</Filter>
    </ClCompile>
    <ClCompile Include="mkPlayer.cpp" />
  </ItemGroup>
</Project>